
Microsoft Visual Studio Solution File, Format Version 12.00
# Visual Studio Version 17
VisualStudioVersion = 17.1.32328.378
MinimumVisualStudioVersion = 10.0.40219.1
Project("{FAE04EC0-301F-11D3-BF4B-00C04F79EFBC}") = "modul8_1302204090", "modul8_1302204090\modul8_1302204090.csproj", "{FCDC0CA8-2A3A-4D43-8A28-67BD69A8345C}"
EndProject
Global
	GlobalSection(SolutionConfigurationPlatforms) = preSolution
		Debug|Any CPU = Debug|Any CPU
		Release|Any CPU = Release|Any CPU
	EndGlobalSection
	GlobalSection(ProjectConfigurationPlatforms) = postSolution
		{FCDC0CA8-2A3A-4D43-8A28-67BD69A8345C}.Debug|Any CPU.ActiveCfg = Debug|Any CPU
		{FCDC0CA8-2A3A-4D43-8A28-67BD69A8345C}.Debug|Any CPU.Build.0 = Debug|Any CPU
		{FCDC0CA8-2A3A-4D43-8A28-67BD69A8345C}.Release|Any CPU.ActiveCfg = Release|Any CPU
		{FCDC0CA8-2A3A-4D43-8A28-67BD69A8345C}.Release|Any CPU.Build.0 = Release|Any CPU
	EndGlobalSection
	GlobalSection(SolutionProperties) = preSolution
		HideSolutionNode = FALSE
	EndGlobalSection
	GlobalSection(ExtensibilityGlobals) = postSolution
		SolutionGuid = {61899B76-BD0B-47C0-A0C7-D6986037D5C8}
	EndGlobalSection
EndGlobal
